
Microsoft Visual Studio Solution File, Format Version 12.00
# Visual Studio 15
VisualStudioVersion = 15.0.28307.106
MinimumVisualStudioVersion = 10.0.40219.1
Project("{9A19103F-16F7-4668-BE54-9A1E7A4F7556}") = "mmeg", "mmeg.csproj", "{92F83A02-4E53-412F-A942-DFABA8032F67}"
EndProject
Project("{2150E333-8FDC-42A3-9474-1A3956D46DE8}") = "Solution Items", "Solution Items", "{D5AA89F3-241D-4C92-9D97-50FB375A189B}"
	ProjectSection(SolutionItems) = preProject
		.editorconfig = .editorconfig
	EndProjectSection
EndProject
Global
	GlobalSection(SolutionConfigurationPlatforms) = preSolution
		Debug|Any CPU = Debug|Any CPU
		Release|Any CPU = Release|Any CPU
	EndGlobalSection
	GlobalSection(ProjectConfigurationPlatforms) = postSolution
		{92F83A02-4E53-412F-A942-DFABA8032F67}.Debug|Any CPU.ActiveCfg = Debug|Any CPU
		{92F83A02-4E53-412F-A942-DFABA8032F67}.Debug|Any CPU.Build.0 = Debug|Any CPU
		{92F83A02-4E53-412F-A942-DFABA8032F67}.Release|Any CPU.ActiveCfg = Release|Any CPU
		{92F83A02-4E53-412F-A942-DFABA8032F67}.Release|Any CPU.Build.0 = Release|Any CPU
	EndGlobalSection
	GlobalSection(SolutionProperties) = preSolution
		HideSolutionNode = FALSE
	EndGlobalSection
	GlobalSection(ExtensibilityGlobals) = postSolution
		SolutionGuid = {B711DD0E-1BA6-4CF7-99EE-3200F470E7DE}
	EndGlobalSection
EndGlobal
